// !$*UTF8*$!
{
	archiveVersion = 1;
	classes = {
	};
	objectVersion = 45;
	objects = {

/* Begin PBXAggregateTarget section */
		36283D2010B0F25E0082B68D /* doc */ = {
			isa = PBXAggregateTarget;
			buildConfigurationList = 36283D3110B0F2680082B68D /* Build configuration list for PBXAggregateTarget "doc" */;
			buildPhases = (
				36283D1F10B0F25E0082B68D /* ShellScript */,
			);
			dependencies = (
			);
			name = doc;
			productName = doc;
		};
/* End PBXAggregateTarget section */

/* Begin PBXBuildFile section */
		36886CB214C7676500AB4605 /* Compiler.cpp in Sources */ = {isa = PBXBuildFile; fileRef = 36886CA414C766F800AB4605 /* Compiler.cpp */; };
		36886CB314C7676800AB4605 /* luaopen_clang.cpp in Sources */ = {isa = PBXBuildFile; fileRef = 364002DF1091557700C4D35B /* luaopen_clang.cpp */; };
		36886D0414C76A0400AB4605 /* libLLVMJIT.a in Frameworks */ = {isa = PBXBuildFile; fileRef = 36400A1E109156FD00C4D35B /* libLLVMJIT.a */; };
		36886D0514C76A0F00AB4605 /* libLLVMTarget.a in Frameworks */ = {isa = PBXBuildFile; fileRef = 36400A39109156FD00C4D35B /* libLLVMTarget.a */; };
		36886D0614C76A1200AB4605 /* libLLVMScalarOpts.a in Frameworks */ = {isa = PBXBuildFile; fileRef = 36400A2F109156FD00C4D35B /* libLLVMScalarOpts.a */; };
		36886D0714C76A1500AB4605 /* libLLVMSupport.a in Frameworks */ = {isa = PBXBuildFile; fileRef = 36400A34109156FD00C4D35B /* libLLVMSupport.a */; };
		36886D0814C76A1900AB4605 /* libLLVMLinker.a in Frameworks */ = {isa = PBXBuildFile; fileRef = 36400A1F109156FD00C4D35B /* libLLVMLinker.a */; };
		36886D4A14C76A3C00AB4605 /* libLLVMCore.a in Frameworks */ = {isa = PBXBuildFile; fileRef = 36400A15109156FD00C4D35B /* libLLVMCore.a */; };
		36886D4B14C76A4200AB4605 /* libLLVMMC.a in Frameworks */ = {isa = PBXBuildFile; fileRef = 36400A20109156FD00C4D35B /* libLLVMMC.a */; };
		36886D4C14C76A4C00AB4605 /* libLLVMAnalysis.a in Frameworks */ = {isa = PBXBuildFile; fileRef = 36400A03109156FD00C4D35B /* libLLVMAnalysis.a */; };
		36886D4D14C76A5E00AB4605 /* libLLVMipa.a in Frameworks */ = {isa = PBXBuildFile; fileRef = 36400A1C109156FD00C4D35B /* libLLVMipa.a */; };
		36886D4E14C76A6A00AB4605 /* libLLVMTransformUtils.a in Frameworks */ = {isa = PBXBuildFile; fileRef = 36400A3A109156FD00C4D35B /* libLLVMTransformUtils.a */; };
		36886D4F14C76A7100AB4605 /* libLLVMInstCombine.a in Frameworks */ = {isa = PBXBuildFile; fileRef = 36886D2714C76A2B00AB4605 /* libLLVMInstCombine.a */; };
		36886D5014C76A7700AB4605 /* libLLVMExecutionEngine.a in Frameworks */ = {isa = PBXBuildFile; fileRef = 36400A19109156FD00C4D35B /* libLLVMExecutionEngine.a */; };
		36886D5114C76A7900AB4605 /* libLLVMCodeGen.a in Frameworks */ = {isa = PBXBuildFile; fileRef = 36400A14109156FD00C4D35B /* libLLVMCodeGen.a */; };
		36886D5214C76A8200AB4605 /* libLLVMX86CodeGen.a in Frameworks */ = {isa = PBXBuildFile; fileRef = 36400A3D109156FD00C4D35B /* libLLVMX86CodeGen.a */; };
		36886D5314C76A8600AB4605 /* libLLVMX86Utils.a in Frameworks */ = {isa = PBXBuildFile; fileRef = 36886D4114C76A2B00AB4605 /* libLLVMX86Utils.a */; };
		36886D5414C76A8800AB4605 /* libLLVMX86AsmPrinter.a in Frameworks */ = {isa = PBXBuildFile; fileRef = 36400A3C109156FD00C4D35B /* libLLVMX86AsmPrinter.a */; };
		36886D5514C76A8C00AB4605 /* libLLVMSelectionDAG.a in Frameworks */ = {isa = PBXBuildFile; fileRef = 36400A30109156FD00C4D35B /* libLLVMSelectionDAG.a */; };
		36886D5614C76A9200AB4605 /* libLLVMX86Desc.a in Frameworks */ = {isa = PBXBuildFile; fileRef = 36886D3F14C76A2B00AB4605 /* libLLVMX86Desc.a */; };
		36886D5714C76A9500AB4605 /* libLLVMX86Info.a in Frameworks */ = {isa = PBXBuildFile; fileRef = 36400A3E109156FD00C4D35B /* libLLVMX86Info.a */; };
		36886D5814C76A9A00AB4605 /* libLLVMX86Disassembler.a in Frameworks */ = {isa = PBXBuildFile; fileRef = 36886D4014C76A2B00AB4605 /* libLLVMX86Disassembler.a */; };
		36886D5914C76AA300AB4605 /* libLLVMX86AsmParser.a in Frameworks */ = {isa = PBXBuildFile; fileRef = 36400A3B109156FD00C4D35B /* libLLVMX86AsmParser.a */; };
		36886D5A14C76AAB00AB4605 /* libLLVMMCParser.a in Frameworks */ = {isa = PBXBuildFile; fileRef = 36886D3014C76A2B00AB4605 /* libLLVMMCParser.a */; };
		36886D5B14C76ACA00AB4605 /* libLLVMAsmPrinter.a in Frameworks */ = {isa = PBXBuildFile; fileRef = 36400A09109156FD00C4D35B /* libLLVMAsmPrinter.a */; };
		36886D5C14C76ADA00AB4605 /* libclangBasic.a in Frameworks */ = {isa = PBXBuildFile; fileRef = 364009F5109156FD00C4D35B /* libclangBasic.a */; };
		36886D5D14C76AE700AB4605 /* libclangFrontend.a in Frameworks */ = {isa = PBXBuildFile; fileRef = 364009F8109156FD00C4D35B /* libclangFrontend.a */; };
		36886D5E14C76AEB00AB4605 /* libclangAST.a in Frameworks */ = {isa = PBXBuildFile; fileRef = 364009F4109156FD00C4D35B /* libclangAST.a */; };
		36886D5F14C76AEF00AB4605 /* libclangSerialization.a in Frameworks */ = {isa = PBXBuildFile; fileRef = 36886D0E14C76A2B00AB4605 /* libclangSerialization.a */; };
		36886D6014C76AF200AB4605 /* libclangSema.a in Frameworks */ = {isa = PBXBuildFile; fileRef = 364009FD109156FD00C4D35B /* libclangSema.a */; };
		36886D6114C76AFA00AB4605 /* libLLVMipo.a in Frameworks */ = {isa = PBXBuildFile; fileRef = 36400A1D109156FD00C4D35B /* libLLVMipo.a */; };
		36886D6214C76AFF00AB4605 /* libclangLex.a in Frameworks */ = {isa = PBXBuildFile; fileRef = 364009FA109156FD00C4D35B /* libclangLex.a */; };
		36886D6314C76B0300AB4605 /* libclangAnalysis.a in Frameworks */ = {isa = PBXBuildFile; fileRef = 364009F3109156FD00C4D35B /* libclangAnalysis.a */; };
		36886D6414C76B0700AB4605 /* libclangCodeGen.a in Frameworks */ = {isa = PBXBuildFile; fileRef = 364009F6109156FD00C4D35B /* libclangCodeGen.a */; };
		36886D6514C76B0A00AB4605 /* libclangDriver.a in Frameworks */ = {isa = PBXBuildFile; fileRef = 364009F7109156FD00C4D35B /* libclangDriver.a */; };
		36886D6614C76B0E00AB4605 /* libclangParse.a in Frameworks */ = {isa = PBXBuildFile; fileRef = 364009FB109156FD00C4D35B /* libclangParse.a */; };
		36886D7714C76C0A00AB4605 /* test in CopyFiles */ = {isa = PBXBuildFile; fileRef = 36886D6D14C76BF100AB4605 /* test */; };
		36886D9A14C76C5900AB4605 /* headers in CopyFiles */ = {isa = PBXBuildFile; fileRef = 36886D7914C76C5500AB4605 /* headers */; };
/* End PBXBuildFile section */

/* Begin PBXCopyFilesBuildPhase section */
		36886D7814C76C0D00AB4605 /* CopyFiles */ = {
			isa = PBXCopyFilesBuildPhase;
			buildActionMask = 2147483647;
			dstPath = "";
			dstSubfolderSpec = 16;
			files = (
				36886D9A14C76C5900AB4605 /* headers in CopyFiles */,
				36886D7714C76C0A00AB4605 /* test in CopyFiles */,
			);
			runOnlyForDeploymentPostprocessing = 0;
		};
/* End PBXCopyFilesBuildPhase section */

/* Begin PBXFileReference section */
		360293791097C96100B09151 /* lua_glue.h */ = {isa = PBXFileReference; fileEncoding = 4; lastKnownFileType = sourcecode.c.h; path = lua_glue.h; sourceTree = "<group>"; };
		360A6B89115FF3170055970B /* luaopen_clang_llvm.cpp */ = {isa = PBXFileReference; fileEncoding = 4; lastKnownFileType = sourcecode.cpp.cpp; path = luaopen_clang_llvm.cpp; sourceTree = "<group>"; };
		360A6B8D115FF4B00055970B /* clang.llvm.luadoc */ = {isa = PBXFileReference; fileEncoding = 4; lastKnownFileType = text; path = clang.llvm.luadoc; sourceTree = "<group>"; };
		36283D3A10B0F38E0082B68D /* clang.luadoc */ = {isa = PBXFileReference; fileEncoding = 4; lastKnownFileType = text; path = clang.luadoc; sourceTree = "<group>"; };
		364002DF1091557700C4D35B /* luaopen_clang.cpp */ = {isa = PBXFileReference; fileEncoding = 4; lastKnownFileType = sourcecode.cpp.cpp; path = luaopen_clang.cpp; sourceTree = "<group>"; };
		364009F3109156FD00C4D35B /* libclangAnalysis.a */ = {isa = PBXFileReference; lastKnownFileType = archive.ar; path = libclangAnalysis.a; sourceTree = "<group>"; };
		364009F4109156FD00C4D35B /* libclangAST.a */ = {isa = PBXFileReference; lastKnownFileType = archive.ar; path = libclangAST.a; sourceTree = "<group>"; };
		364009F5109156FD00C4D35B /* libclangBasic.a */ = {isa = PBXFileReference; lastKnownFileType = archive.ar; path = libclangBasic.a; sourceTree = "<group>"; };
		364009F6109156FD00C4D35B /* libclangCodeGen.a */ = {isa = PBXFileReference; lastKnownFileType = archive.ar; path = libclangCodeGen.a; sourceTree = "<group>"; };
		364009F7109156FD00C4D35B /* libclangDriver.a */ = {isa = PBXFileReference; lastKnownFileType = archive.ar; path = libclangDriver.a; sourceTree = "<group>"; };
		364009F8109156FD00C4D35B /* libclangFrontend.a */ = {isa = PBXFileReference; lastKnownFileType = archive.ar; path = libclangFrontend.a; sourceTree = "<group>"; };
		364009F9109156FD00C4D35B /* libclangIndex.a */ = {isa = PBXFileReference; lastKnownFileType = archive.ar; path = libclangIndex.a; sourceTree = "<group>"; };
		364009FA109156FD00C4D35B /* libclangLex.a */ = {isa = PBXFileReference; lastKnownFileType = archive.ar; path = libclangLex.a; sourceTree = "<group>"; };
		364009FB109156FD00C4D35B /* libclangParse.a */ = {isa = PBXFileReference; lastKnownFileType = archive.ar; path = libclangParse.a; sourceTree = "<group>"; };
		364009FC109156FD00C4D35B /* libclangRewrite.a */ = {isa = PBXFileReference; lastKnownFileType = archive.ar; path = libclangRewrite.a; sourceTree = "<group>"; };
		364009FD109156FD00C4D35B /* libclangSema.a */ = {isa = PBXFileReference; lastKnownFileType = archive.ar; path = libclangSema.a; sourceTree = "<group>"; };
		364009FE109156FD00C4D35B /* libCompilerDriver.a */ = {isa = PBXFileReference; lastKnownFileType = archive.ar; path = libCompilerDriver.a; sourceTree = "<group>"; };
		36400A03109156FD00C4D35B /* libLLVMAnalysis.a */ = {isa = PBXFileReference; lastKnownFileType = archive.ar; path = libLLVMAnalysis.a; sourceTree = "<group>"; };
		36400A04109156FD00C4D35B /* libLLVMArchive.a */ = {isa = PBXFileReference; lastKnownFileType = archive.ar; path = libLLVMArchive.a; sourceTree = "<group>"; };
		36400A08109156FD00C4D35B /* libLLVMAsmParser.a */ = {isa = PBXFileReference; lastKnownFileType = archive.ar; path = libLLVMAsmParser.a; sourceTree = "<group>"; };
		36400A09109156FD00C4D35B /* libLLVMAsmPrinter.a */ = {isa = PBXFileReference; lastKnownFileType = archive.ar; path = libLLVMAsmPrinter.a; sourceTree = "<group>"; };
		36400A0A109156FD00C4D35B /* libLLVMBitReader.a */ = {isa = PBXFileReference; lastKnownFileType = archive.ar; path = libLLVMBitReader.a; sourceTree = "<group>"; };
		36400A0B109156FD00C4D35B /* libLLVMBitWriter.a */ = {isa = PBXFileReference; lastKnownFileType = archive.ar; path = libLLVMBitWriter.a; sourceTree = "<group>"; };
		36400A14109156FD00C4D35B /* libLLVMCodeGen.a */ = {isa = PBXFileReference; lastKnownFileType = archive.ar; path = libLLVMCodeGen.a; sourceTree = "<group>"; };
		36400A15109156FD00C4D35B /* libLLVMCore.a */ = {isa = PBXFileReference; lastKnownFileType = archive.ar; path = libLLVMCore.a; sourceTree = "<group>"; };
		36400A19109156FD00C4D35B /* libLLVMExecutionEngine.a */ = {isa = PBXFileReference; lastKnownFileType = archive.ar; path = libLLVMExecutionEngine.a; sourceTree = "<group>"; };
		36400A1A109156FD00C4D35B /* libLLVMInstrumentation.a */ = {isa = PBXFileReference; lastKnownFileType = archive.ar; path = libLLVMInstrumentation.a; sourceTree = "<group>"; };
		36400A1B109156FD00C4D35B /* libLLVMInterpreter.a */ = {isa = PBXFileReference; lastKnownFileType = archive.ar; path = libLLVMInterpreter.a; sourceTree = "<group>"; };
		36400A1C109156FD00C4D35B /* libLLVMipa.a */ = {isa = PBXFileReference; lastKnownFileType = archive.ar; path = libLLVMipa.a; sourceTree = "<group>"; };
		36400A1D109156FD00C4D35B /* libLLVMipo.a */ = {isa = PBXFileReference; lastKnownFileType = archive.ar; path = libLLVMipo.a; sourceTree = "<group>"; };
		36400A1E109156FD00C4D35B /* libLLVMJIT.a */ = {isa = PBXFileReference; lastKnownFileType = archive.ar; path = libLLVMJIT.a; sourceTree = "<group>"; };
		36400A1F109156FD00C4D35B /* libLLVMLinker.a */ = {isa = PBXFileReference; lastKnownFileType = archive.ar; path = libLLVMLinker.a; sourceTree = "<group>"; };
		36400A20109156FD00C4D35B /* libLLVMMC.a */ = {isa = PBXFileReference; lastKnownFileType = archive.ar; path = libLLVMMC.a; sourceTree = "<group>"; };
		36400A2F109156FD00C4D35B /* libLLVMScalarOpts.a */ = {isa = PBXFileReference; lastKnownFileType = archive.ar; path = libLLVMScalarOpts.a; sourceTree = "<group>"; };
		36400A30109156FD00C4D35B /* libLLVMSelectionDAG.a */ = {isa = PBXFileReference; lastKnownFileType = archive.ar; path = libLLVMSelectionDAG.a; sourceTree = "<group>"; };
		36400A34109156FD00C4D35B /* libLLVMSupport.a */ = {isa = PBXFileReference; lastKnownFileType = archive.ar; path = libLLVMSupport.a; sourceTree = "<group>"; };
		36400A39109156FD00C4D35B /* libLLVMTarget.a */ = {isa = PBXFileReference; lastKnownFileType = archive.ar; path = libLLVMTarget.a; sourceTree = "<group>"; };
		36400A3A109156FD00C4D35B /* libLLVMTransformUtils.a */ = {isa = PBXFileReference; lastKnownFileType = archive.ar; path = libLLVMTransformUtils.a; sourceTree = "<group>"; };
		36400A3B109156FD00C4D35B /* libLLVMX86AsmParser.a */ = {isa = PBXFileReference; lastKnownFileType = archive.ar; path = libLLVMX86AsmParser.a; sourceTree = "<group>"; };
		36400A3C109156FD00C4D35B /* libLLVMX86AsmPrinter.a */ = {isa = PBXFileReference; lastKnownFileType = archive.ar; path = libLLVMX86AsmPrinter.a; sourceTree = "<group>"; };
		36400A3D109156FD00C4D35B /* libLLVMX86CodeGen.a */ = {isa = PBXFileReference; lastKnownFileType = archive.ar; path = libLLVMX86CodeGen.a; sourceTree = "<group>"; };
		36400A3E109156FD00C4D35B /* libLLVMX86Info.a */ = {isa = PBXFileReference; lastKnownFileType = archive.ar; path = libLLVMX86Info.a; sourceTree = "<group>"; };
		36886CA314C766F800AB4605 /* Compiler.h */ = {isa = PBXFileReference; fileEncoding = 4; lastKnownFileType = sourcecode.c.h; path = Compiler.h; sourceTree = "<group>"; };
		36886CA414C766F800AB4605 /* Compiler.cpp */ = {isa = PBXFileReference; fileEncoding = 4; lastKnownFileType = sourcecode.cpp.cpp; path = Compiler.cpp; sourceTree = "<group>"; };
		36886CA614C7673900AB4605 /* lua_compiler.hpp */ = {isa = PBXFileReference; fileEncoding = 4; lastKnownFileType = sourcecode.cpp.h; path = lua_compiler.hpp; sourceTree = "<group>"; };
		36886CAF14C7675C00AB4605 /* clang.so */ = {isa = PBXFileReference; explicitFileType = "compiled.mach-o.dylib"; includeInIndex = 0; path = clang.so; sourceTree = BUILT_PRODUCTS_DIR; };
		36886CC314C7679F00AB4605 /* lua_utility.h */ = {isa = PBXFileReference; fileEncoding = 4; lastKnownFileType = sourcecode.c.h; path = lua_utility.h; sourceTree = "<group>"; };
		36886D0914C76A2B00AB4605 /* BugpointPasses.dylib */ = {isa = PBXFileReference; lastKnownFileType = "compiled.mach-o.dylib"; path = BugpointPasses.dylib; sourceTree = "<group>"; };
		36886D0A14C76A2B00AB4605 /* libclang.a */ = {isa = PBXFileReference; lastKnownFileType = archive.ar; path = libclang.a; sourceTree = "<group>"; };
		36886D0B14C76A2B00AB4605 /* libclang.dylib */ = {isa = PBXFileReference; lastKnownFileType = "compiled.mach-o.dylib"; path = libclang.dylib; sourceTree = "<group>"; };
		36886D0C14C76A2B00AB4605 /* libclangARCMigrate.a */ = {isa = PBXFileReference; lastKnownFileType = archive.ar; path = libclangARCMigrate.a; sourceTree = "<group>"; };
		36886D0D14C76A2B00AB4605 /* libclangFrontendTool.a */ = {isa = PBXFileReference; lastKnownFileType = archive.ar; path = libclangFrontendTool.a; sourceTree = "<group>"; };
		36886D0E14C76A2B00AB4605 /* libclangSerialization.a */ = {isa = PBXFileReference; lastKnownFileType = archive.ar; path = libclangSerialization.a; sourceTree = "<group>"; };
		36886D0F14C76A2B00AB4605 /* libclangStaticAnalyzerCheckers.a */ = {isa = PBXFileReference; lastKnownFileType = archive.ar; path = libclangStaticAnalyzerCheckers.a; sourceTree = "<group>"; };
		36886D1014C76A2B00AB4605 /* libclangStaticAnalyzerCore.a */ = {isa = PBXFileReference; lastKnownFileType = archive.ar; path = libclangStaticAnalyzerCore.a; sourceTree = "<group>"; };
		36886D1114C76A2B00AB4605 /* libclangStaticAnalyzerFrontend.a */ = {isa = PBXFileReference; lastKnownFileType = archive.ar; path = libclangStaticAnalyzerFrontend.a; sourceTree = "<group>"; };
		36886D1214C76A2B00AB4605 /* libEnhancedDisassembly.a */ = {isa = PBXFileReference; lastKnownFileType = archive.ar; path = libEnhancedDisassembly.a; sourceTree = "<group>"; };
		36886D1314C76A2B00AB4605 /* libLLVMAlphaCodeGen.a */ = {isa = PBXFileReference; lastKnownFileType = archive.ar; path = libLLVMAlphaCodeGen.a; sourceTree = "<group>"; };
		36886D1414C76A2B00AB4605 /* libLLVMAlphaDesc.a */ = {isa = PBXFileReference; lastKnownFileType = archive.ar; path = libLLVMAlphaDesc.a; sourceTree = "<group>"; };
		36886D1514C76A2B00AB4605 /* libLLVMAlphaInfo.a */ = {isa = PBXFileReference; lastKnownFileType = archive.ar; path = libLLVMAlphaInfo.a; sourceTree = "<group>"; };
		36886D1614C76A2B00AB4605 /* libLLVMARMAsmParser.a */ = {isa = PBXFileReference; lastKnownFileType = archive.ar; path = libLLVMARMAsmParser.a; sourceTree = "<group>"; };
		36886D1714C76A2B00AB4605 /* libLLVMARMAsmPrinter.a */ = {isa = PBXFileReference; lastKnownFileType = archive.ar; path = libLLVMARMAsmPrinter.a; sourceTree = "<group>"; };
		36886D1814C76A2B00AB4605 /* libLLVMARMCodeGen.a */ = {isa = PBXFileReference; lastKnownFileType = archive.ar; path = libLLVMARMCodeGen.a; sourceTree = "<group>"; };
		36886D1914C76A2B00AB4605 /* libLLVMARMDesc.a */ = {isa = PBXFileReference; lastKnownFileType = archive.ar; path = libLLVMARMDesc.a; sourceTree = "<group>"; };
		36886D1A14C76A2B00AB4605 /* libLLVMARMDisassembler.a */ = {isa = PBXFileReference; lastKnownFileType = archive.ar; path = libLLVMARMDisassembler.a; sourceTree = "<group>"; };
		36886D1B14C76A2B00AB4605 /* libLLVMARMInfo.a */ = {isa = PBXFileReference; lastKnownFileType = archive.ar; path = libLLVMARMInfo.a; sourceTree = "<group>"; };
		36886D1C14C76A2B00AB4605 /* libLLVMBlackfinCodeGen.a */ = {isa = PBXFileReference; lastKnownFileType = archive.ar; path = libLLVMBlackfinCodeGen.a; sourceTree = "<group>"; };
		36886D1D14C76A2B00AB4605 /* libLLVMBlackfinDesc.a */ = {isa = PBXFileReference; lastKnownFileType = archive.ar; path = libLLVMBlackfinDesc.a; sourceTree = "<group>"; };
		36886D1E14C76A2B00AB4605 /* libLLVMBlackfinInfo.a */ = {isa = PBXFileReference; lastKnownFileType = archive.ar; path = libLLVMBlackfinInfo.a; sourceTree = "<group>"; };
		36886D1F14C76A2B00AB4605 /* libLLVMCBackend.a */ = {isa = PBXFileReference; lastKnownFileType = archive.ar; path = libLLVMCBackend.a; sourceTree = "<group>"; };
		36886D2014C76A2B00AB4605 /* libLLVMCBackendInfo.a */ = {isa = PBXFileReference; lastKnownFileType = archive.ar; path = libLLVMCBackendInfo.a; sourceTree = "<group>"; };
		36886D2114C76A2B00AB4605 /* libLLVMCellSPUCodeGen.a */ = {isa = PBXFileReference; lastKnownFileType = archive.ar; path = libLLVMCellSPUCodeGen.a; sourceTree = "<group>"; };
		36886D2214C76A2B00AB4605 /* libLLVMCellSPUDesc.a */ = {isa = PBXFileReference; lastKnownFileType = archive.ar; path = libLLVMCellSPUDesc.a; sourceTree = "<group>"; };
		36886D2314C76A2B00AB4605 /* libLLVMCellSPUInfo.a */ = {isa = PBXFileReference; lastKnownFileType = archive.ar; path = libLLVMCellSPUInfo.a; sourceTree = "<group>"; };
		36886D2414C76A2B00AB4605 /* libLLVMCppBackend.a */ = {isa = PBXFileReference; lastKnownFileType = archive.ar; path = libLLVMCppBackend.a; sourceTree = "<group>"; };
		36886D2514C76A2B00AB4605 /* libLLVMCppBackendInfo.a */ = {isa = PBXFileReference; lastKnownFileType = archive.ar; path = libLLVMCppBackendInfo.a; sourceTree = "<group>"; };
		36886D2614C76A2B00AB4605 /* libLLVMDebugInfo.a */ = {isa = PBXFileReference; lastKnownFileType = archive.ar; path = libLLVMDebugInfo.a; sourceTree = "<group>"; };
		36886D2714C76A2B00AB4605 /* libLLVMInstCombine.a */ = {isa = PBXFileReference; lastKnownFileType = archive.ar; path = libLLVMInstCombine.a; sourceTree = "<group>"; };
		36886D2814C76A2B00AB4605 /* libLLVMMBlazeAsmParser.a */ = {isa = PBXFileReference; lastKnownFileType = archive.ar; path = libLLVMMBlazeAsmParser.a; sourceTree = "<group>"; };
		36886D2914C76A2B00AB4605 /* libLLVMMBlazeAsmPrinter.a */ = {isa = PBXFileReference; lastKnownFileType = archive.ar; path = libLLVMMBlazeAsmPrinter.a; sourceTree = "<group>"; };
		36886D2A14C76A2B00AB4605 /* libLLVMMBlazeCodeGen.a */ = {isa = PBXFileReference; lastKnownFileType = archive.ar; path = libLLVMMBlazeCodeGen.a; sourceTree = "<group>"; };
		36886D2B14C76A2B00AB4605 /* libLLVMMBlazeDesc.a */ = {isa = PBXFileReference; lastKnownFileType = archive.ar; path = libLLVMMBlazeDesc.a; sourceTree = "<group>"; };
		36886D2C14C76A2B00AB4605 /* libLLVMMBlazeDisassembler.a */ = {isa = PBXFileReference; lastKnownFileType = archive.ar; path = libLLVMMBlazeDisassembler.a; sourceTree = "<group>"; };
		36886D2D14C76A2B00AB4605 /* libLLVMMBlazeInfo.a */ = {isa = PBXFileReference; lastKnownFileType = archive.ar; path = libLLVMMBlazeInfo.a; sourceTree = "<group>"; };
		36886D2E14C76A2B00AB4605 /* libLLVMMCDisassembler.a */ = {isa = PBXFileReference; lastKnownFileType = archive.ar; path = libLLVMMCDisassembler.a; sourceTree = "<group>"; };
		36886D2F14C76A2B00AB4605 /* libLLVMMCJIT.a */ = {isa = PBXFileReference; lastKnownFileType = archive.ar; path = libLLVMMCJIT.a; sourceTree = "<group>"; };
		36886D3014C76A2B00AB4605 /* libLLVMMCParser.a */ = {isa = PBXFileReference; lastKnownFileType = archive.ar; path = libLLVMMCParser.a; sourceTree = "<group>"; };
		36886D3114C76A2B00AB4605 /* libLLVMMipsAsmPrinter.a */ = {isa = PBXFileReference; lastKnownFileType = archive.ar; path = libLLVMMipsAsmPrinter.a; sourceTree = "<group>"; };
		36886D3214C76A2B00AB4605 /* libLLVMMipsCodeGen.a */ = {isa = PBXFileReference; lastKnownFileType = archive.ar; path = libLLVMMipsCodeGen.a; sourceTree = "<group>"; };
		36886D3314C76A2B00AB4605 /* libLLVMMipsDesc.a */ = {isa = PBXFileReference; lastKnownFileType = archive.ar; path = libLLVMMipsDesc.a; sourceTree = "<group>"; };
		36886D3414C76A2B00AB4605 /* libLLVMMipsInfo.a */ = {isa = PBXFileReference; lastKnownFileType = archive.ar; path = libLLVMMipsInfo.a; sourceTree = "<group>"; };
		36886D3514C76A2B00AB4605 /* libLLVMMSP430AsmPrinter.a */ = {isa = PBXFileReference; lastKnownFileType = archive.ar; path = libLLVMMSP430AsmPrinter.a; sourceTree = "<group>"; };
		36886D3614C76A2B00AB4605 /* libLLVMMSP430CodeGen.a */ = {isa = PBXFileReference; lastKnownFileType = archive.ar; path = libLLVMMSP430CodeGen.a; sourceTree = "<group>"; };
		36886D3714C76A2B00AB4605 /* libLLVMMSP430Desc.a */ = {isa = PBXFileReference; lastKnownFileType = archive.ar; path = libLLVMMSP430Desc.a; sourceTree = "<group>"; };
		36886D3814C76A2B00AB4605 /* libLLVMMSP430Info.a */ = {isa = PBXFileReference; lastKnownFileType = archive.ar; path = libLLVMMSP430Info.a; sourceTree = "<group>"; };
		36886D3914C76A2B00AB4605 /* libLLVMObject.a */ = {isa = PBXFileReference; lastKnownFileType = archive.ar; path = libLLVMObject.a; sourceTree = "<group>"; };
		36886D3A14C76A2B00AB4605 /* libLLVMRuntimeDyld.a */ = {isa = PBXFileReference; lastKnownFileType = archive.ar; path = libLLVMRuntimeDyld.a; sourceTree = "<group>"; };
		36886D3B14C76A2B00AB4605 /* libLLVMSparcCodeGen.a */ = {isa = PBXFileReference; lastKnownFileType = archive.ar; path = libLLVMSparcCodeGen.a; sourceTree = "<group>"; };
		36886D3C14C76A2B00AB4605 /* libLLVMSparcDesc.a */ = {isa = PBXFileReference; lastKnownFileType = archive.ar; path = libLLVMSparcDesc.a; sourceTree = "<group>"; };
		36886D3D14C76A2B00AB4605 /* libLLVMSparcInfo.a */ = {isa = PBXFileReference; lastKnownFileType = archive.ar; path = libLLVMSparcInfo.a; sourceTree = "<group>"; };
		36886D3E14C76A2B00AB4605 /* libLLVMTableGen.a */ = {isa = PBXFileReference; lastKnownFileType = archive.ar; path = libLLVMTableGen.a; sourceTree = "<group>"; };
		36886D3F14C76A2B00AB4605 /* libLLVMX86Desc.a */ = {isa = PBXFileReference; lastKnownFileType = archive.ar; path = libLLVMX86Desc.a; sourceTree = "<group>"; };
		36886D4014C76A2B00AB4605 /* libLLVMX86Disassembler.a */ = {isa = PBXFileReference; lastKnownFileType = archive.ar; path = libLLVMX86Disassembler.a; sourceTree = "<group>"; };
		36886D4114C76A2B00AB4605 /* libLLVMX86Utils.a */ = {isa = PBXFileReference; lastKnownFileType = archive.ar; path = libLLVMX86Utils.a; sourceTree = "<group>"; };
		36886D4214C76A2B00AB4605 /* libLLVMXCoreCodeGen.a */ = {isa = PBXFileReference; lastKnownFileType = archive.ar; path = libLLVMXCoreCodeGen.a; sourceTree = "<group>"; };
		36886D4314C76A2B00AB4605 /* libLLVMXCoreDesc.a */ = {isa = PBXFileReference; lastKnownFileType = archive.ar; path = libLLVMXCoreDesc.a; sourceTree = "<group>"; };
		36886D4414C76A2B00AB4605 /* libLLVMXCoreInfo.a */ = {isa = PBXFileReference; lastKnownFileType = archive.ar; path = libLLVMXCoreInfo.a; sourceTree = "<group>"; };
		36886D4514C76A2B00AB4605 /* libLTO.a */ = {isa = PBXFileReference; lastKnownFileType = archive.ar; path = libLTO.a; sourceTree = "<group>"; };
		36886D4614C76A2B00AB4605 /* libLTO.dylib */ = {isa = PBXFileReference; lastKnownFileType = "compiled.mach-o.dylib"; path = libLTO.dylib; sourceTree = "<group>"; };
		36886D4714C76A2B00AB4605 /* libprofile_rt.a */ = {isa = PBXFileReference; lastKnownFileType = archive.ar; path = libprofile_rt.a; sourceTree = "<group>"; };
		36886D4814C76A2B00AB4605 /* libprofile_rt.dylib */ = {isa = PBXFileReference; lastKnownFileType = "compiled.mach-o.dylib"; path = libprofile_rt.dylib; sourceTree = "<group>"; };
		36886D4914C76A2B00AB4605 /* LLVMHello.dylib */ = {isa = PBXFileReference; lastKnownFileType = "compiled.mach-o.dylib"; path = LLVMHello.dylib; sourceTree = "<group>"; };
		36886D6D14C76BF100AB4605 /* test */ = {isa = PBXFileReference; lastKnownFileType = folder; name = test; path = ../test; sourceTree = SOURCE_ROOT; };
		36886D7914C76C5500AB4605 /* headers */ = {isa = PBXFileReference; lastKnownFileType = folder; name = headers; path = ../headers; sourceTree = SOURCE_ROOT; };
		368D381E10EE717100B6279F /* clang */ = {isa = PBXFileReference; lastKnownFileType = folder; path = clang; sourceTree = "<group>"; };
/* End PBXFileReference section */

/* Begin PBXFrameworksBuildPhase section */
		36886CAD14C7675C00AB4605 /* Frameworks */ = {
			isa = PBXFrameworksBuildPhase;
			buildActionMask = 2147483647;
			files = (
				36886D0414C76A0400AB4605 /* libLLVMJIT.a in Frameworks */,
				36886D0514C76A0F00AB4605 /* libLLVMTarget.a in Frameworks */,
				36886D0614C76A1200AB4605 /* libLLVMScalarOpts.a in Frameworks */,
				36886D0714C76A1500AB4605 /* libLLVMSupport.a in Frameworks */,
				36886D0814C76A1900AB4605 /* libLLVMLinker.a in Frameworks */,
				36886D4A14C76A3C00AB4605 /* libLLVMCore.a in Frameworks */,
				36886D4B14C76A4200AB4605 /* libLLVMMC.a in Frameworks */,
				36886D4C14C76A4C00AB4605 /* libLLVMAnalysis.a in Frameworks */,
				36886D4D14C76A5E00AB4605 /* libLLVMipa.a in Frameworks */,
				36886D4E14C76A6A00AB4605 /* libLLVMTransformUtils.a in Frameworks */,
				36886D4F14C76A7100AB4605 /* libLLVMInstCombine.a in Frameworks */,
				36886D5014C76A7700AB4605 /* libLLVMExecutionEngine.a in Frameworks */,
				36886D5114C76A7900AB4605 /* libLLVMCodeGen.a in Frameworks */,
				36886D5214C76A8200AB4605 /* libLLVMX86CodeGen.a in Frameworks */,
				36886D5314C76A8600AB4605 /* libLLVMX86Utils.a in Frameworks */,
				36886D5414C76A8800AB4605 /* libLLVMX86AsmPrinter.a in Frameworks */,
				36886D5514C76A8C00AB4605 /* libLLVMSelectionDAG.a in Frameworks */,
				36886D5614C76A9200AB4605 /* libLLVMX86Desc.a in Frameworks */,
				36886D5714C76A9500AB4605 /* libLLVMX86Info.a in Frameworks */,
				36886D5814C76A9A00AB4605 /* libLLVMX86Disassembler.a in Frameworks */,
				36886D5914C76AA300AB4605 /* libLLVMX86AsmParser.a in Frameworks */,
				36886D5A14C76AAB00AB4605 /* libLLVMMCParser.a in Frameworks */,
				36886D5B14C76ACA00AB4605 /* libLLVMAsmPrinter.a in Frameworks */,
				36886D5C14C76ADA00AB4605 /* libclangBasic.a in Frameworks */,
				36886D5D14C76AE700AB4605 /* libclangFrontend.a in Frameworks */,
				36886D5E14C76AEB00AB4605 /* libclangAST.a in Frameworks */,
				36886D5F14C76AEF00AB4605 /* libclangSerialization.a in Frameworks */,
				36886D6014C76AF200AB4605 /* libclangSema.a in Frameworks */,
				36886D6114C76AFA00AB4605 /* libLLVMipo.a in Frameworks */,
				36886D6214C76AFF00AB4605 /* libclangLex.a in Frameworks */,
				36886D6314C76B0300AB4605 /* libclangAnalysis.a in Frameworks */,
				36886D6414C76B0700AB4605 /* libclangCodeGen.a in Frameworks */,
				36886D6514C76B0A00AB4605 /* libclangDriver.a in Frameworks */,
				36886D6614C76B0E00AB4605 /* libclangParse.a in Frameworks */,
			);
			runOnlyForDeploymentPostprocessing = 0;
		};
/* End PBXFrameworksBuildPhase section */

/* Begin PBXGroup section */
		034768DFFF38A50411DB9C8B /* Products */ = {
			isa = PBXGroup;
			children = (
				36886CAF14C7675C00AB4605 /* clang.so */,
			);
			name = Products;
			sourceTree = "<group>";
		};
		0867D691FE84028FC02AAC07 /* osx */ = {
			isa = PBXGroup;
			children = (
				36886D7914C76C5500AB4605 /* headers */,
				36886D6D14C76BF100AB4605 /* test */,
				364002DD1091556800C4D35B /* src */,
				364002DC1091556800C4D35B /* osx */,
				0867D69AFE84028FC02AAC07 /* External Frameworks and Libraries */,
				034768DFFF38A50411DB9C8B /* Products */,
			);
			name = osx;
			sourceTree = "<group>";
		};
		0867D69AFE84028FC02AAC07 /* External Frameworks and Libraries */ = {
			isa = PBXGroup;
			children = (
			);
			name = "External Frameworks and Libraries";
			sourceTree = "<group>";
		};
		364002DC1091556800C4D35B /* osx */ = {
			isa = PBXGroup;
			children = (
				36886D0914C76A2B00AB4605 /* BugpointPasses.dylib */,
				36886D0A14C76A2B00AB4605 /* libclang.a */,
				36886D0B14C76A2B00AB4605 /* libclang.dylib */,
				36886D0C14C76A2B00AB4605 /* libclangARCMigrate.a */,
				36886D0D14C76A2B00AB4605 /* libclangFrontendTool.a */,
				36886D0E14C76A2B00AB4605 /* libclangSerialization.a */,
				36886D0F14C76A2B00AB4605 /* libclangStaticAnalyzerCheckers.a */,
				36886D1014C76A2B00AB4605 /* libclangStaticAnalyzerCore.a */,
				36886D1114C76A2B00AB4605 /* libclangStaticAnalyzerFrontend.a */,
				36886D1214C76A2B00AB4605 /* libEnhancedDisassembly.a */,
				36886D1314C76A2B00AB4605 /* libLLVMAlphaCodeGen.a */,
				36886D1414C76A2B00AB4605 /* libLLVMAlphaDesc.a */,
				36886D1514C76A2B00AB4605 /* libLLVMAlphaInfo.a */,
				36886D1614C76A2B00AB4605 /* libLLVMARMAsmParser.a */,
				36886D1714C76A2B00AB4605 /* libLLVMARMAsmPrinter.a */,
				36886D1814C76A2B00AB4605 /* libLLVMARMCodeGen.a */,
				36886D1914C76A2B00AB4605 /* libLLVMARMDesc.a */,
				36886D1A14C76A2B00AB4605 /* libLLVMARMDisassembler.a */,
				36886D1B14C76A2B00AB4605 /* libLLVMARMInfo.a */,
				36886D1C14C76A2B00AB4605 /* libLLVMBlackfinCodeGen.a */,
				36886D1D14C76A2B00AB4605 /* libLLVMBlackfinDesc.a */,
				36886D1E14C76A2B00AB4605 /* libLLVMBlackfinInfo.a */,
				36886D1F14C76A2B00AB4605 /* libLLVMCBackend.a */,
				36886D2014C76A2B00AB4605 /* libLLVMCBackendInfo.a */,
				36886D2114C76A2B00AB4605 /* libLLVMCellSPUCodeGen.a */,
				36886D2214C76A2B00AB4605 /* libLLVMCellSPUDesc.a */,
				36886D2314C76A2B00AB4605 /* libLLVMCellSPUInfo.a */,
				36886D2414C76A2B00AB4605 /* libLLVMCppBackend.a */,
				36886D2514C76A2B00AB4605 /* libLLVMCppBackendInfo.a */,
				36886D2614C76A2B00AB4605 /* libLLVMDebugInfo.a */,
				36886D2714C76A2B00AB4605 /* libLLVMInstCombine.a */,
				36886D2814C76A2B00AB4605 /* libLLVMMBlazeAsmParser.a */,
				36886D2914C76A2B00AB4605 /* libLLVMMBlazeAsmPrinter.a */,
				36886D2A14C76A2B00AB4605 /* libLLVMMBlazeCodeGen.a */,
				36886D2B14C76A2B00AB4605 /* libLLVMMBlazeDesc.a */,
				36886D2C14C76A2B00AB4605 /* libLLVMMBlazeDisassembler.a */,
				36886D2D14C76A2B00AB4605 /* libLLVMMBlazeInfo.a */,
				36886D2E14C76A2B00AB4605 /* libLLVMMCDisassembler.a */,
				36886D2F14C76A2B00AB4605 /* libLLVMMCJIT.a */,
				36886D3014C76A2B00AB4605 /* libLLVMMCParser.a */,
				36886D3114C76A2B00AB4605 /* libLLVMMipsAsmPrinter.a */,
				36886D3214C76A2B00AB4605 /* libLLVMMipsCodeGen.a */,
				36886D3314C76A2B00AB4605 /* libLLVMMipsDesc.a */,
				36886D3414C76A2B00AB4605 /* libLLVMMipsInfo.a */,
				36886D3514C76A2B00AB4605 /* libLLVMMSP430AsmPrinter.a */,
				36886D3614C76A2B00AB4605 /* libLLVMMSP430CodeGen.a */,
				36886D3714C76A2B00AB4605 /* libLLVMMSP430Desc.a */,
				36886D3814C76A2B00AB4605 /* libLLVMMSP430Info.a */,
				36886D3914C76A2B00AB4605 /* libLLVMObject.a */,
				36886D3A14C76A2B00AB4605 /* libLLVMRuntimeDyld.a */,
				36886D3B14C76A2B00AB4605 /* libLLVMSparcCodeGen.a */,
				36886D3C14C76A2B00AB4605 /* libLLVMSparcDesc.a */,
				36886D3D14C76A2B00AB4605 /* libLLVMSparcInfo.a */,
				36886D3E14C76A2B00AB4605 /* libLLVMTableGen.a */,
				36886D3F14C76A2B00AB4605 /* libLLVMX86Desc.a */,
				36886D4014C76A2B00AB4605 /* libLLVMX86Disassembler.a */,
				36886D4114C76A2B00AB4605 /* libLLVMX86Utils.a */,
				36886D4214C76A2B00AB4605 /* libLLVMXCoreCodeGen.a */,
				36886D4314C76A2B00AB4605 /* libLLVMXCoreDesc.a */,
				36886D4414C76A2B00AB4605 /* libLLVMXCoreInfo.a */,
				36886D4514C76A2B00AB4605 /* libLTO.a */,
				36886D4614C76A2B00AB4605 /* libLTO.dylib */,
				36886D4714C76A2B00AB4605 /* libprofile_rt.a */,
				36886D4814C76A2B00AB4605 /* libprofile_rt.dylib */,
				36886D4914C76A2B00AB4605 /* LLVMHello.dylib */,
				368D381E10EE717100B6279F /* clang */,
				364009F3109156FD00C4D35B /* libclangAnalysis.a */,
				364009F4109156FD00C4D35B /* libclangAST.a */,
				364009F5109156FD00C4D35B /* libclangBasic.a */,
				364009F6109156FD00C4D35B /* libclangCodeGen.a */,
				364009F7109156FD00C4D35B /* libclangDriver.a */,
				364009F8109156FD00C4D35B /* libclangFrontend.a */,
				364009F9109156FD00C4D35B /* libclangIndex.a */,
				364009FA109156FD00C4D35B /* libclangLex.a */,
				364009FB109156FD00C4D35B /* libclangParse.a */,
				364009FC109156FD00C4D35B /* libclangRewrite.a */,
				364009FD109156FD00C4D35B /* libclangSema.a */,
				364009FE109156FD00C4D35B /* libCompilerDriver.a */,
				36400A03109156FD00C4D35B /* libLLVMAnalysis.a */,
				36400A04109156FD00C4D35B /* libLLVMArchive.a */,
				36400A08109156FD00C4D35B /* libLLVMAsmParser.a */,
				36400A09109156FD00C4D35B /* libLLVMAsmPrinter.a */,
				36400A0A109156FD00C4D35B /* libLLVMBitReader.a */,
				36400A0B109156FD00C4D35B /* libLLVMBitWriter.a */,
				36400A14109156FD00C4D35B /* libLLVMCodeGen.a */,
				36400A15109156FD00C4D35B /* libLLVMCore.a */,
				36400A19109156FD00C4D35B /* libLLVMExecutionEngine.a */,
				36400A1A109156FD00C4D35B /* libLLVMInstrumentation.a */,
				36400A1B109156FD00C4D35B /* libLLVMInterpreter.a */,
				36400A1C109156FD00C4D35B /* libLLVMipa.a */,
				36400A1D109156FD00C4D35B /* libLLVMipo.a */,
				36400A1E109156FD00C4D35B /* libLLVMJIT.a */,
				36400A1F109156FD00C4D35B /* libLLVMLinker.a */,
				36400A20109156FD00C4D35B /* libLLVMMC.a */,
				36400A2F109156FD00C4D35B /* libLLVMScalarOpts.a */,
				36400A30109156FD00C4D35B /* libLLVMSelectionDAG.a */,
				36400A34109156FD00C4D35B /* libLLVMSupport.a */,
				36400A39109156FD00C4D35B /* libLLVMTarget.a */,
				36400A3A109156FD00C4D35B /* libLLVMTransformUtils.a */,
				36400A3B109156FD00C4D35B /* libLLVMX86AsmParser.a */,
				36400A3C109156FD00C4D35B /* libLLVMX86AsmPrinter.a */,
				36400A3D109156FD00C4D35B /* libLLVMX86CodeGen.a */,
				36400A3E109156FD00C4D35B /* libLLVMX86Info.a */,
			);
			name = osx;
			path = "../llvm-3.0/osx";
			sourceTree = SOURCE_ROOT;
		};
		364002DD1091556800C4D35B /* src */ = {
			isa = PBXGroup;
			children = (
				36886CC314C7679F00AB4605 /* lua_utility.h */,
				360293791097C96100B09151 /* lua_glue.h */,
				36886CA314C766F800AB4605 /* Compiler.h */,
				36886CA414C766F800AB4605 /* Compiler.cpp */,
				36886CA614C7673900AB4605 /* lua_compiler.hpp */,
				364002DF1091557700C4D35B /* luaopen_clang.cpp */,
				360A6B89115FF3170055970B /* luaopen_clang_llvm.cpp */,
				36283D3A10B0F38E0082B68D /* clang.luadoc */,
				360A6B8D115FF4B00055970B /* clang.llvm.luadoc */,
			);
			name = src;
			path = ../src;
			sourceTree = SOURCE_ROOT;
		};
/* End PBXGroup section */

/* Begin PBXNativeTarget section */
		36886CAE14C7675C00AB4605 /* clang */ = {
			isa = PBXNativeTarget;
			buildConfigurationList = 36886CC014C7677800AB4605 /* Build configuration list for PBXNativeTarget "clang" */;
			buildPhases = (
				36886CAC14C7675C00AB4605 /* Sources */,
				36886CAD14C7675C00AB4605 /* Frameworks */,
				36886D7814C76C0D00AB4605 /* CopyFiles */,
			);
			buildRules = (
			);
			dependencies = (
			);
			name = clang;
			productName = clang;
			productReference = 36886CAF14C7675C00AB4605 /* clang.so */;
			productType = "com.apple.product-type.library.dynamic";
		};
/* End PBXNativeTarget section */

/* Begin PBXProject section */
		0867D690FE84028FC02AAC07 /* Project object */ = {
			isa = PBXProject;
			buildConfigurationList = 1DEB918108733D990010E9CD /* Build configuration list for PBXProject "clang" */;
			compatibilityVersion = "Xcode 3.1";
			hasScannedForEncodings = 1;
			mainGroup = 0867D691FE84028FC02AAC07 /* osx */;
			productRefGroup = 034768DFFF38A50411DB9C8B /* Products */;
			projectDirPath = "";
			projectRoot = "";
			targets = (
				36886CAE14C7675C00AB4605 /* clang */,
				36283D2010B0F25E0082B68D /* doc */,
			);
		};
/* End PBXProject section */

/* Begin PBXShellScriptBuildPhase section */
		36283D1F10B0F25E0082B68D /* ShellScript */ = {
			isa = PBXShellScriptBuildPhase;
			buildActionMask = 2147483647;
			files = (
			);
			inputPaths = (
			);
			outputPaths = (
			);
			runOnlyForDeploymentPostprocessing = 0;
			shellPath = /bin/sh;
			shellScript = "# shell script goes here\n\ncd ../src\n/usr/local/bin/luadoc *.luadoc -d ../doc --nofiles\n\nexit 0";
		};
/* End PBXShellScriptBuildPhase section */

/* Begin PBXSourcesBuildPhase section */
		36886CAC14C7675C00AB4605 /* Sources */ = {
			isa = PBXSourcesBuildPhase;
			buildActionMask = 2147483647;
			files = (
				36886CB214C7676500AB4605 /* Compiler.cpp in Sources */,
				36886CB314C7676800AB4605 /* luaopen_clang.cpp in Sources */,
			);
			runOnlyForDeploymentPostprocessing = 0;
		};
/* End PBXSourcesBuildPhase section */

/* Begin XCBuildConfiguration section */
		1DEB918208733D990010E9CD /* Debug */ = {
			isa = XCBuildConfiguration;
			buildSettings = {
				ARCHS = "$(ARCHS_STANDARD_32_64_BIT)";
				GCC_ENABLE_CPP_RTTI = NO;
				GCC_OPTIMIZATION_LEVEL = 0;
				GCC_WARN_ABOUT_RETURN_TYPE = YES;
				GCC_WARN_UNUSED_VARIABLE = YES;
				OTHER_CFLAGS = (
					"-D__STDC_LIMIT_MACROS",
					"-D__STDC_CONSTANT_MACROS",
				);
				OTHER_LDFLAGS = (
					"-undefined",
					dynamic_lookup,
				);
				PREBINDING = NO;
				USER_HEADER_SEARCH_PATHS = "\"$(SRCROOT)/../llvm-3.0/include\"";
				VALID_ARCHS = "i386 x86_64";
			};
			name = Debug;
		};
		1DEB918308733D990010E9CD /* Release */ = {
			isa = XCBuildConfiguration;
			buildSettings = {
				ARCHS = "$(ARCHS_STANDARD_32_64_BIT)";
				GCC_ENABLE_CPP_RTTI = NO;
				GCC_WARN_ABOUT_RETURN_TYPE = YES;
				GCC_WARN_UNUSED_VARIABLE = YES;
				OTHER_CFLAGS = (
					"-D__STDC_LIMIT_MACROS",
					"-D__STDC_CONSTANT_MACROS",
				);
				OTHER_LDFLAGS = (
					"-undefined",
					dynamic_lookup,
				);
				PREBINDING = NO;
				USER_HEADER_SEARCH_PATHS = "\"$(SRCROOT)/../llvm-3.0/include\"";
				VALID_ARCHS = "i386 x86_64";
			};
			name = Release;
		};
		36283D2110B0F25F0082B68D /* Debug */ = {
			isa = XCBuildConfiguration;
			buildSettings = {
				COPY_PHASE_STRIP = NO;
				GCC_DYNAMIC_NO_PIC = NO;
				GCC_OPTIMIZATION_LEVEL = 0;
				PRODUCT_NAME = doc;
			};
			name = Debug;
		};
		36283D2210B0F25F0082B68D /* Release */ = {
			isa = XCBuildConfiguration;
			buildSettings = {
				COPY_PHASE_STRIP = YES;
				DEBUG_INFORMATION_FORMAT = "dwarf-with-dsym";
				GCC_ENABLE_FIX_AND_CONTINUE = NO;
				PRODUCT_NAME = doc;
				ZERO_LINK = NO;
			};
			name = Release;
		};
		36886CB014C7675C00AB4605 /* Debug */ = {
			isa = XCBuildConfiguration;
			buildSettings = {
				EXECUTABLE_EXTENSION = so;
				EXECUTABLE_PREFIX = "";
				GCC_DYNAMIC_NO_PIC = NO;
				GCC_ENABLE_FIX_AND_CONTINUE = YES;
				GCC_MODEL_TUNING = G5;
				GCC_OPTIMIZATION_LEVEL = 0;
				INSTALL_PATH = /usr/local/lib;
				LIBRARY_SEARCH_PATHS = (
					"$(inherited)",
					"\"$(SRCROOT)/../llvm-3.0/osx\"",
				);
				PREBINDING = NO;
				PRODUCT_NAME = clang;
			};
			name = Debug;
		};
		36886CB114C7675C00AB4605 /* Release */ = {
			isa = XCBuildConfiguration;
			buildSettings = {
				DEBUG_INFORMATION_FORMAT = "dwarf-with-dsym";
				EXECUTABLE_EXTENSION = so;
				EXECUTABLE_PREFIX = "";
				GCC_ENABLE_FIX_AND_CONTINUE = NO;
				GCC_MODEL_TUNING = G5;
				INSTALL_PATH = /usr/local/lib;
				LIBRARY_SEARCH_PATHS = (
					"$(inherited)",
					"\"$(SRCROOT)/../llvm-3.0/osx\"",
				);
				PREBINDING = NO;
				PRODUCT_NAME = clang;
				ZERO_LINK = NO;
			};
			name = Release;
		};
/* End XCBuildConfiguration section */

/* Begin XCConfigurationList section */
		1DEB918108733D990010E9CD /* Build configuration list for PBXProject "clang" */ = {
			isa = XCConfigurationList;
			buildConfigurations = (
				1DEB918208733D990010E9CD /* Debug */,
				1DEB918308733D990010E9CD /* Release */,
			);
			defaultConfigurationIsVisible = 0;
			defaultConfigurationName = Release;
		};
		36283D3110B0F2680082B68D /* Build configuration list for PBXAggregateTarget "doc" */ = {
			isa = XCConfigurationList;
			buildConfigurations = (
				36283D2110B0F25F0082B68D /* Debug */,
				36283D2210B0F25F0082B68D /* Release */,
			);
			defaultConfigurationIsVisible = 0;
			defaultConfigurationName = Release;
		};
		36886CC014C7677800AB4605 /* Build configuration list for PBXNativeTarget "clang" */ = {
			isa = XCConfigurationList;
			buildConfigurations = (
				36886CB014C7675C00AB4605 /* Debug */,
				36886CB114C7675C00AB4605 /* Release */,
			);
			defaultConfigurationIsVisible = 0;
			defaultConfigurationName = Release;
		};
/* End XCConfigurationList section */
	};
	rootObject = 0867D690FE84028FC02AAC07 /* Project object */;
}
